// !$*UTF8*$!
{
	archiveVersion = 1;
	classes = {
	};
	objectVersion = 48;
	objects = {

/* Begin PBXFileReference section */
		BE45A387204B475B003AC7E5 /* PersonType.h */ = {isa = PBXFileReference; lastKnownFileType = sourcecode.c.h; path = PersonType.h; sourceTree = "<group>"; };
		BE45A389204B48BF003AC7E5 /* PersonType.cpp */ = {isa = PBXFileReference; lastKnownFileType = sourcecode.cpp.cpp; path = PersonType.cpp; sourceTree = "<group>"; };
		BE45A38A204B9EF6003AC7E5 /* main.cpp */ = {isa = PBXFileReference; lastKnownFileType = sourcecode.cpp.cpp; path = main.cpp; sourceTree = "<group>"; };
/* End PBXFileReference section */

/* Begin PBXGroup section */
		BE45A37E204B471E003AC7E5 = {
			isa = PBXGroup;
			children = (
				BE45A38A204B9EF6003AC7E5 /* main.cpp */,
				BE45A388204B48A4003AC7E5 /* Source Files */,
				BE45A386204B4736003AC7E5 /* Headers */,
			);
			sourceTree = "<group>";
		};
		BE45A386204B4736003AC7E5 /* Headers */ = {
			isa = PBXGroup;
			children = (
				BE45A387204B475B003AC7E5 /* PersonType.h */,
			);
			path = Headers;
			sourceTree = "<group>";
		};
		BE45A388204B48A4003AC7E5 /* Source Files */ = {
			isa = PBXGroup;
			children = (
				BE45A389204B48BF003AC7E5 /* PersonType.cpp */,
			);
			path = "Source Files";
			sourceTree = "<group>";
		};
/* End PBXGroup section */

/* Begin PBXProject section */
		BE45A37F204B471E003AC7E5 /* Project object */ = {
			isa = PBXProject;
			attributes = {
				LastUpgradeCheck = 0910;
			};
			buildConfigurationList = BE45A382204B471E003AC7E5 /* Build configuration list for PBXProject "project 1" */;
			compatibilityVersion = "Xcode 8.0";
			developmentRegion = en;
			hasScannedForEncodings = 0;
			knownRegions = (
				en,
			);
			mainGroup = BE45A37E204B471E003AC7E5;
			projectDirPath = "";
			projectRoot = "";
			targets = (
			);
		};
/* End PBXProject section */

/* Begin XCBuildConfiguration section */
		BE45A383204B471E003AC7E5 /* Debug */ = {
			isa = XCBuildConfiguration;
			buildSettings = {
			};
			name = Debug;
		};
		BE45A384204B471E003AC7E5 /* Release */ = {
			isa = XCBuildConfiguration;
			buildSettings = {
			};
			name = Release;
		};
/* End XCBuildConfiguration section */

/* Begin XCConfigurationList section */
		BE45A382204B471E003AC7E5 /* Build configuration list for PBXProject "project 1" */ = {
			isa = XCConfigurationList;
			buildConfigurations = (
				BE45A383204B471E003AC7E5 /* Debug */,
				BE45A384204B471E003AC7E5 /* Release */,
			);
			defaultConfigurationIsVisible = 0;
			defaultConfigurationName = Release;
		};
/* End XCConfigurationList section */
	};
	rootObject = BE45A37F204B471E003AC7E5 /* Project object */;
}
